
Microsoft Visual Studio Solution File, Format Version 12.00
# Visual Studio Version 17
VisualStudioVersion = 17.1.32228.430
MinimumVisualStudioVersion = 10.0.40219.1
Project("{FAE04EC0-301F-11D3-BF4B-00C04F79EFBC}") = "EjemplosWindowsFoms", "EjemplosWindowsFoms\EjemplosWindowsFoms.csproj", "{375E694C-0705-4393-B3FA-FB86EABAEC7C}"
EndProject
Global
	GlobalSection(SolutionConfigurationPlatforms) = preSolution
		Debug|Any CPU = Debug|Any CPU
		Release|Any CPU = Release|Any CPU
	EndGlobalSection
	GlobalSection(ProjectConfigurationPlatforms) = postSolution
		{375E694C-0705-4393-B3FA-FB86EABAEC7C}.Debug|Any CPU.ActiveCfg = Debug|Any CPU
		{375E694C-0705-4393-B3FA-FB86EABAEC7C}.Debug|Any CPU.Build.0 = Debug|Any CPU
		{375E694C-0705-4393-B3FA-FB86EABAEC7C}.Release|Any CPU.ActiveCfg = Release|Any CPU
		{375E694C-0705-4393-B3FA-FB86EABAEC7C}.Release|Any CPU.Build.0 = Release|Any CPU
	EndGlobalSection
	GlobalSection(SolutionProperties) = preSolution
		HideSolutionNode = FALSE
	EndGlobalSection
	GlobalSection(ExtensibilityGlobals) = postSolution
		SolutionGuid = {48C4DD82-B69D-41BA-838B-5C5712578015}
	EndGlobalSection
EndGlobal
